
Microsoft Visual Studio Solution File, Format Version 12.00
# Visual Studio Version 17
VisualStudioVersion = 17.9.34723.18
MinimumVisualStudioVersion = 10.0.40219.1
Project("{FAE04EC0-301F-11D3-BF4B-00C04F79EFBC}") = "OneBillionRowsChallenge", "OneBillionRowsChallenge.csproj", "{BAE23E3A-AF3F-4250-9C98-15108F7F9FF4}"
EndProject
Global
	GlobalSection(SolutionConfigurationPlatforms) = preSolution
		Debug|Any CPU = Debug|Any CPU
		Release|Any CPU = Release|Any CPU
	EndGlobalSection
	GlobalSection(ProjectConfigurationPlatforms) = postSolution
		{BAE23E3A-AF3F-4250-9C98-15108F7F9FF4}.Debug|Any CPU.ActiveCfg = Debug|Any CPU
		{BAE23E3A-AF3F-4250-9C98-15108F7F9FF4}.Debug|Any CPU.Build.0 = Debug|Any CPU
		{BAE23E3A-AF3F-4250-9C98-15108F7F9FF4}.Release|Any CPU.ActiveCfg = Release|Any CPU
		{BAE23E3A-AF3F-4250-9C98-15108F7F9FF4}.Release|Any CPU.Build.0 = Release|Any CPU
	EndGlobalSection
	GlobalSection(SolutionProperties) = preSolution
		HideSolutionNode = FALSE
	EndGlobalSection
	GlobalSection(ExtensibilityGlobals) = postSolution
		SolutionGuid = {E4C06404-E251-49D0-81BF-69519FA898B8}
	EndGlobalSection
EndGlobal
